
Microsoft Visual Studio Solution File, Format Version 12.00
# Visual Studio Version 17
VisualStudioVersion = 17.7.34031.279
MinimumVisualStudioVersion = 10.0.40219.1
Project("{FAE04EC0-301F-11D3-BF4B-00C04F79EFBC}") = "API.EmployeeManagement", "API.EmployeeManagement.csproj", "{BEC22EE0-A6F2-4EBD-8774-548B06802C76}"
EndProject
Global
	GlobalSection(SolutionConfigurationPlatforms) = preSolution
		Debug|Any CPU = Debug|Any CPU
		Release|Any CPU = Release|Any CPU
	EndGlobalSection
	GlobalSection(ProjectConfigurationPlatforms) = postSolution
		{BEC22EE0-A6F2-4EBD-8774-548B06802C76}.Debug|Any CPU.ActiveCfg = Debug|Any CPU
		{BEC22EE0-A6F2-4EBD-8774-548B06802C76}.Debug|Any CPU.Build.0 = Debug|Any CPU
		{BEC22EE0-A6F2-4EBD-8774-548B06802C76}.Release|Any CPU.ActiveCfg = Release|Any CPU
		{BEC22EE0-A6F2-4EBD-8774-548B06802C76}.Release|Any CPU.Build.0 = Release|Any CPU
	EndGlobalSection
	GlobalSection(SolutionProperties) = preSolution
		HideSolutionNode = FALSE
	EndGlobalSection
	GlobalSection(ExtensibilityGlobals) = postSolution
		SolutionGuid = {C144CE4B-4D45-4C00-A69E-2852C17471B9}
	EndGlobalSection
EndGlobal
